
Microsoft Visual Studio Solution File, Format Version 12.00
# Visual Studio Version 17
VisualStudioVersion = 17.11.35222.181
MinimumVisualStudioVersion = 10.0.40219.1
Project("{FAE04EC0-301F-11D3-BF4B-00C04F79EFBC}") = "vladi.revolution", "vladi.revolution.csproj", "{FBF93E0A-442F-49BC-B14E-DAB3F33C21D9}"
EndProject
Global
	GlobalSection(SolutionConfigurationPlatforms) = preSolution
		Debug|Any CPU = Debug|Any CPU
		Release|Any CPU = Release|Any CPU
	EndGlobalSection
	GlobalSection(ProjectConfigurationPlatforms) = postSolution
		{FBF93E0A-442F-49BC-B14E-DAB3F33C21D9}.Debug|Any CPU.ActiveCfg = Debug|Any CPU
		{FBF93E0A-442F-49BC-B14E-DAB3F33C21D9}.Debug|Any CPU.Build.0 = Debug|Any CPU
		{FBF93E0A-442F-49BC-B14E-DAB3F33C21D9}.Release|Any CPU.ActiveCfg = Release|Any CPU
		{FBF93E0A-442F-49BC-B14E-DAB3F33C21D9}.Release|Any CPU.Build.0 = Release|Any CPU
	EndGlobalSection
	GlobalSection(SolutionProperties) = preSolution
		HideSolutionNode = FALSE
	EndGlobalSection
	GlobalSection(ExtensibilityGlobals) = postSolution
		SolutionGuid = {5DDA86B2-51FD-4A10-AD03-9EB91C032C1C}
	EndGlobalSection
EndGlobal
